
Microsoft Visual Studio Solution File, Format Version 12.00
# Visual Studio Version 17
VisualStudioVersion = 17.13.35825.156
MinimumVisualStudioVersion = 10.0.40219.1
Project("{FAE04EC0-301F-11D3-BF4B-00C04F79EFBC}") = "RoomReservation.API", "RoomReservation\RoomReservation.API.csproj", "{A9E31560-5C02-48B6-AF53-8B5C0CC85646}"
EndProject
Project("{FAE04EC0-301F-11D3-BF4B-00C04F79EFBC}") = "RoomReservation.Application", "RoomReservation.Services\RoomReservation.Application.csproj", "{AC5858FA-D566-42FD-B0D7-A6D27732A0D2}"
EndProject
Project("{FAE04EC0-301F-11D3-BF4B-00C04F79EFBC}") = "RoomReservation.Infrastructure", "RoomReservation.Infrastructure\RoomReservation.Infrastructure.csproj", "{8120A089-4DBC-48F8-9C23-AC2C852481A0}"
EndProject
Project("{FAE04EC0-301F-11D3-BF4B-00C04F79EFBC}") = "RoomReservation.Domain", "RoomReservation.Domain\RoomReservation.Domain.csproj", "{A5B60BED-FEE3-459D-8877-9400C88507D7}"
EndProject
Project("{2150E333-8FDC-42A3-9474-1A3956D46DE8}") = "src", "src", "{02EA681E-C7D8-13C7-8484-4AC65E1B71E8}"
EndProject
Project("{FAE04EC0-301F-11D3-BF4B-00C04F79EFBC}") = "RoomReservation.Shared", "RoomReservation.Core\RoomReservation.Shared.csproj", "{FB524803-6B7F-4208-83FC-53E1AC9F216A}"
EndProject
Project("{FAE04EC0-301F-11D3-BF4B-00C04F79EFBC}") = "RoomReservation.Tests", "RoomReservation.Tests\RoomReservation.Tests.csproj", "{1BD563DF-EF87-467B-BBD1-9A0375437BEF}"
EndProject
Global
	GlobalSection(SolutionConfigurationPlatforms) = preSolution
		Debug|Any CPU = Debug|Any CPU
		Release|Any CPU = Release|Any CPU
	EndGlobalSection
	GlobalSection(ProjectConfigurationPlatforms) = postSolution
		{A9E31560-5C02-48B6-AF53-8B5C0CC85646}.Debug|Any CPU.ActiveCfg = Debug|Any CPU
		{A9E31560-5C02-48B6-AF53-8B5C0CC85646}.Debug|Any CPU.Build.0 = Debug|Any CPU
		{A9E31560-5C02-48B6-AF53-8B5C0CC85646}.Release|Any CPU.ActiveCfg = Release|Any CPU
		{A9E31560-5C02-48B6-AF53-8B5C0CC85646}.Release|Any CPU.Build.0 = Release|Any CPU
		{AC5858FA-D566-42FD-B0D7-A6D27732A0D2}.Debug|Any CPU.ActiveCfg = Debug|Any CPU
		{AC5858FA-D566-42FD-B0D7-A6D27732A0D2}.Debug|Any CPU.Build.0 = Debug|Any CPU
		{AC5858FA-D566-42FD-B0D7-A6D27732A0D2}.Release|Any CPU.ActiveCfg = Release|Any CPU
		{AC5858FA-D566-42FD-B0D7-A6D27732A0D2}.Release|Any CPU.Build.0 = Release|Any CPU
		{8120A089-4DBC-48F8-9C23-AC2C852481A0}.Debug|Any CPU.ActiveCfg = Debug|Any CPU
		{8120A089-4DBC-48F8-9C23-AC2C852481A0}.Debug|Any CPU.Build.0 = Debug|Any CPU
		{8120A089-4DBC-48F8-9C23-AC2C852481A0}.Release|Any CPU.ActiveCfg = Release|Any CPU
		{8120A089-4DBC-48F8-9C23-AC2C852481A0}.Release|Any CPU.Build.0 = Release|Any CPU
		{A5B60BED-FEE3-459D-8877-9400C88507D7}.Debug|Any CPU.ActiveCfg = Debug|Any CPU
		{A5B60BED-FEE3-459D-8877-9400C88507D7}.Debug|Any CPU.Build.0 = Debug|Any CPU
		{A5B60BED-FEE3-459D-8877-9400C88507D7}.Release|Any CPU.ActiveCfg = Release|Any CPU
		{A5B60BED-FEE3-459D-8877-9400C88507D7}.Release|Any CPU.Build.0 = Release|Any CPU
		{FB524803-6B7F-4208-83FC-53E1AC9F216A}.Debug|Any CPU.ActiveCfg = Debug|Any CPU
		{FB524803-6B7F-4208-83FC-53E1AC9F216A}.Debug|Any CPU.Build.0 = Debug|Any CPU
		{FB524803-6B7F-4208-83FC-53E1AC9F216A}.Release|Any CPU.ActiveCfg = Release|Any CPU
		{FB524803-6B7F-4208-83FC-53E1AC9F216A}.Release|Any CPU.Build.0 = Release|Any CPU
		{1BD563DF-EF87-467B-BBD1-9A0375437BEF}.Debug|Any CPU.ActiveCfg = Debug|Any CPU
		{1BD563DF-EF87-467B-BBD1-9A0375437BEF}.Debug|Any CPU.Build.0 = Debug|Any CPU
		{1BD563DF-EF87-467B-BBD1-9A0375437BEF}.Release|Any CPU.ActiveCfg = Release|Any CPU
		{1BD563DF-EF87-467B-BBD1-9A0375437BEF}.Release|Any CPU.Build.0 = Release|Any CPU
	EndGlobalSection
	GlobalSection(SolutionProperties) = preSolution
		HideSolutionNode = FALSE
	EndGlobalSection
	GlobalSection(NestedProjects) = preSolution
		{A9E31560-5C02-48B6-AF53-8B5C0CC85646} = {02EA681E-C7D8-13C7-8484-4AC65E1B71E8}
		{AC5858FA-D566-42FD-B0D7-A6D27732A0D2} = {02EA681E-C7D8-13C7-8484-4AC65E1B71E8}
		{8120A089-4DBC-48F8-9C23-AC2C852481A0} = {02EA681E-C7D8-13C7-8484-4AC65E1B71E8}
		{A5B60BED-FEE3-459D-8877-9400C88507D7} = {02EA681E-C7D8-13C7-8484-4AC65E1B71E8}
		{1BD563DF-EF87-467B-BBD1-9A0375437BEF} = {02EA681E-C7D8-13C7-8484-4AC65E1B71E8}
	EndGlobalSection
	GlobalSection(ExtensibilityGlobals) = postSolution
		SolutionGuid = {771E22C8-B7D3-4A44-A4B8-544294B827EA}
	EndGlobalSection
EndGlobal
